// !$*UTF8*$!
{
	archiveVersion = 1;
	classes = {
	};
	objectVersion = 50;
	objects = {

/* Begin PBXBuildFile section */
		5104CA482667341B00F885C0 /* AlertModel.swift in Sources */ = {isa = PBXBuildFile; fileRef = 5104CA472667341B00F885C0 /* AlertModel.swift */; };
		5104CA4D266735EA00F885C0 /* BankStrings.swift in Sources */ = {isa = PBXBuildFile; fileRef = 5104CA4C266735EA00F885C0 /* BankStrings.swift */; };
		5104CA5226673F9D00F885C0 /* Statements.swift in Sources */ = {isa = PBXBuildFile; fileRef = 5104CA5126673F9D00F885C0 /* Statements.swift */; };
		5104CA572667D12300F885C0 /* NumberFormatterExtenssion.swift in Sources */ = {isa = PBXBuildFile; fileRef = 5104CA562667D12300F885C0 /* NumberFormatterExtenssion.swift */; };
		5104CA602667E07800F885C0 /* StatementViewCell.swift in Sources */ = {isa = PBXBuildFile; fileRef = 5104CA5E2667E07800F885C0 /* StatementViewCell.swift */; };
		5104CA612667E07800F885C0 /* StatementViewCell.xib in Resources */ = {isa = PBXBuildFile; fileRef = 5104CA5F2667E07800F885C0 /* StatementViewCell.xib */; };
		51286FBE26606CC400517377 /* BankRest.swift in Sources */ = {isa = PBXBuildFile; fileRef = 51286FBD26606CC400517377 /* BankRest.swift */; };
		51286FC42664435800517377 /* UserInfo.swift in Sources */ = {isa = PBXBuildFile; fileRef = 51286FC32664435800517377 /* UserInfo.swift */; };
		51286FC926644A7F00517377 /* Statement.swift in Sources */ = {isa = PBXBuildFile; fileRef = 51286FC826644A7F00517377 /* Statement.swift */; };
		51286FCE26644DBD00517377 /* StatusInfo.swift in Sources */ = {isa = PBXBuildFile; fileRef = 51286FCD26644DBD00517377 /* StatusInfo.swift */; };
		51286FD3266458A500517377 /* TypeHttpMethod.swift in Sources */ = {isa = PBXBuildFile; fileRef = 51286FD2266458A500517377 /* TypeHttpMethod.swift */; };
		51286FD82664678100517377 /* InteractorProtocol.swift in Sources */ = {isa = PBXBuildFile; fileRef = 51286FD72664678100517377 /* InteractorProtocol.swift */; };
		51286FDD266470DA00517377 /* BankRestProtocol.swift in Sources */ = {isa = PBXBuildFile; fileRef = 51286FDC266470DA00517377 /* BankRestProtocol.swift */; };
		51286FE62664734600517377 /* StatementView.swift in Sources */ = {isa = PBXBuildFile; fileRef = 51286FE42664734600517377 /* StatementView.swift */; };
		51286FE72664734600517377 /* StatementView.xib in Resources */ = {isa = PBXBuildFile; fileRef = 51286FE52664734600517377 /* StatementView.xib */; };
		51286FEC2664736F00517377 /* StatementPresenter.swift in Sources */ = {isa = PBXBuildFile; fileRef = 51286FEB2664736F00517377 /* StatementPresenter.swift */; };
		51286FF1266473B700517377 /* StatementInteractor.swift in Sources */ = {isa = PBXBuildFile; fileRef = 51286FF0266473B700517377 /* StatementInteractor.swift */; };
		512870712665BF8700517377 /* BankManagerStorage.swift in Sources */ = {isa = PBXBuildFile; fileRef = 512870702665BF8700517377 /* BankManagerStorage.swift */; };
		51723334265DCAE700F12B38 /* AppDelegate.swift in Sources */ = {isa = PBXBuildFile; fileRef = 51723333265DCAE700F12B38 /* AppDelegate.swift */; };
		51723336265DCAE700F12B38 /* SceneDelegate.swift in Sources */ = {isa = PBXBuildFile; fileRef = 51723335265DCAE700F12B38 /* SceneDelegate.swift */; };
		5172333E265DCAE700F12B38 /* BankChallenge.xcdatamodeld in Sources */ = {isa = PBXBuildFile; fileRef = 5172333C265DCAE700F12B38 /* BankChallenge.xcdatamodeld */; };
		51723340265DCAEB00F12B38 /* Assets.xcassets in Resources */ = {isa = PBXBuildFile; fileRef = 5172333F265DCAEB00F12B38 /* Assets.xcassets */; };
		51723343265DCAEB00F12B38 /* LaunchScreen.storyboard in Resources */ = {isa = PBXBuildFile; fileRef = 51723341265DCAEB00F12B38 /* LaunchScreen.storyboard */; };
		5172334E265DCAEC00F12B38 /* BankChallengeTests.swift in Sources */ = {isa = PBXBuildFile; fileRef = 5172334D265DCAEC00F12B38 /* BankChallengeTests.swift */; };
		51723359265DCAEC00F12B38 /* BankChallengeUITests.swift in Sources */ = {isa = PBXBuildFile; fileRef = 51723358265DCAEC00F12B38 /* BankChallengeUITests.swift */; };
		51723377265DCD0000F12B38 /* LoginView.swift in Sources */ = {isa = PBXBuildFile; fileRef = 51723375265DCD0000F12B38 /* LoginView.swift */; };
		51723378265DCD0000F12B38 /* LoginView.xib in Resources */ = {isa = PBXBuildFile; fileRef = 51723376265DCD0000F12B38 /* LoginView.xib */; };
		5172337D265DCD6D00F12B38 /* LoginPresenter.swift in Sources */ = {isa = PBXBuildFile; fileRef = 5172337C265DCD6D00F12B38 /* LoginPresenter.swift */; };
		51723382265DCDC600F12B38 /* LoginInteractor.swift in Sources */ = {isa = PBXBuildFile; fileRef = 51723381265DCDC600F12B38 /* LoginInteractor.swift */; };
		51723387265DCE0800F12B38 /* LoginRouter.swift in Sources */ = {isa = PBXBuildFile; fileRef = 51723386265DCE0800F12B38 /* LoginRouter.swift */; };
/* End PBXBuildFile section */

/* Begin PBXContainerItemProxy section */
		5172334A265DCAEC00F12B38 /* PBXContainerItemProxy */ = {
			isa = PBXContainerItemProxy;
			containerPortal = 51723328265DCAE600F12B38 /* Project object */;
			proxyType = 1;
			remoteGlobalIDString = 5172332F265DCAE700F12B38;
			remoteInfo = BankChallenge;
		};
		51723355265DCAEC00F12B38 /* PBXContainerItemProxy */ = {
			isa = PBXContainerItemProxy;
			containerPortal = 51723328265DCAE600F12B38 /* Project object */;
			proxyType = 1;
			remoteGlobalIDString = 5172332F265DCAE700F12B38;
			remoteInfo = BankChallenge;
		};
/* End PBXContainerItemProxy section */

/* Begin PBXFileReference section */
		5104CA472667341B00F885C0 /* AlertModel.swift */ = {isa = PBXFileReference; lastKnownFileType = sourcecode.swift; path = AlertModel.swift; sourceTree = "<group>"; };
		5104CA4C266735EA00F885C0 /* BankStrings.swift */ = {isa = PBXFileReference; lastKnownFileType = sourcecode.swift; path = BankStrings.swift; sourceTree = "<group>"; };
		5104CA5126673F9D00F885C0 /* Statements.swift */ = {isa = PBXFileReference; lastKnownFileType = sourcecode.swift; path = Statements.swift; sourceTree = "<group>"; };
		5104CA562667D12300F885C0 /* NumberFormatterExtenssion.swift */ = {isa = PBXFileReference; lastKnownFileType = sourcecode.swift; path = NumberFormatterExtenssion.swift; sourceTree = "<group>"; };
		5104CA5E2667E07800F885C0 /* StatementViewCell.swift */ = {isa = PBXFileReference; lastKnownFileType = sourcecode.swift; path = StatementViewCell.swift; sourceTree = "<group>"; };
		5104CA5F2667E07800F885C0 /* StatementViewCell.xib */ = {isa = PBXFileReference; lastKnownFileType = file.xib; path = StatementViewCell.xib; sourceTree = "<group>"; };
		51286FBD26606CC400517377 /* BankRest.swift */ = {isa = PBXFileReference; lastKnownFileType = sourcecode.swift; path = BankRest.swift; sourceTree = "<group>"; };
		51286FC32664435800517377 /* UserInfo.swift */ = {isa = PBXFileReference; lastKnownFileType = sourcecode.swift; path = UserInfo.swift; sourceTree = "<group>"; };
		51286FC826644A7F00517377 /* Statement.swift */ = {isa = PBXFileReference; lastKnownFileType = sourcecode.swift; path = Statement.swift; sourceTree = "<group>"; };
		51286FCD26644DBD00517377 /* StatusInfo.swift */ = {isa = PBXFileReference; lastKnownFileType = sourcecode.swift; path = StatusInfo.swift; sourceTree = "<group>"; };
		51286FD2266458A500517377 /* TypeHttpMethod.swift */ = {isa = PBXFileReference; lastKnownFileType = sourcecode.swift; path = TypeHttpMethod.swift; sourceTree = "<group>"; };
		51286FD72664678100517377 /* InteractorProtocol.swift */ = {isa = PBXFileReference; lastKnownFileType = sourcecode.swift; path = InteractorProtocol.swift; sourceTree = "<group>"; };
		51286FDC266470DA00517377 /* BankRestProtocol.swift */ = {isa = PBXFileReference; lastKnownFileType = sourcecode.swift; path = BankRestProtocol.swift; sourceTree = "<group>"; };
		51286FE42664734600517377 /* StatementView.swift */ = {isa = PBXFileReference; lastKnownFileType = sourcecode.swift; path = StatementView.swift; sourceTree = "<group>"; };
		51286FE52664734600517377 /* StatementView.xib */ = {isa = PBXFileReference; lastKnownFileType = file.xib; path = StatementView.xib; sourceTree = "<group>"; };
		51286FEB2664736F00517377 /* StatementPresenter.swift */ = {isa = PBXFileReference; lastKnownFileType = sourcecode.swift; path = StatementPresenter.swift; sourceTree = "<group>"; };
		51286FF0266473B700517377 /* StatementInteractor.swift */ = {isa = PBXFileReference; lastKnownFileType = sourcecode.swift; path = StatementInteractor.swift; sourceTree = "<group>"; };
		512870702665BF8700517377 /* BankManagerStorage.swift */ = {isa = PBXFileReference; lastKnownFileType = sourcecode.swift; path = BankManagerStorage.swift; sourceTree = "<group>"; };
		51723330265DCAE700F12B38 /* BankChallenge.app */ = {isa = PBXFileReference; explicitFileType = wrapper.application; includeInIndex = 0; path = BankChallenge.app; sourceTree = BUILT_PRODUCTS_DIR; };
		51723333265DCAE700F12B38 /* AppDelegate.swift */ = {isa = PBXFileReference; lastKnownFileType = sourcecode.swift; path = AppDelegate.swift; sourceTree = "<group>"; };
		51723335265DCAE700F12B38 /* SceneDelegate.swift */ = {isa = PBXFileReference; lastKnownFileType = sourcecode.swift; path = SceneDelegate.swift; sourceTree = "<group>"; };
		5172333D265DCAE700F12B38 /* BankChallenge.xcdatamodel */ = {isa = PBXFileReference; lastKnownFileType = wrapper.xcdatamodel; path = BankChallenge.xcdatamodel; sourceTree = "<group>"; };
		5172333F265DCAEB00F12B38 /* Assets.xcassets */ = {isa = PBXFileReference; lastKnownFileType = folder.assetcatalog; path = Assets.xcassets; sourceTree = "<group>"; };
		51723342265DCAEB00F12B38 /* Base */ = {isa = PBXFileReference; lastKnownFileType = file.storyboard; name = Base; path = Base.lproj/LaunchScreen.storyboard; sourceTree = "<group>"; };
		51723344265DCAEB00F12B38 /* Info.plist */ = {isa = PBXFileReference; lastKnownFileType = text.plist.xml; path = Info.plist; sourceTree = "<group>"; };
		51723349265DCAEC00F12B38 /* BankChallengeTests.xctest */ = {isa = PBXFileReference; explicitFileType = wrapper.cfbundle; includeInIndex = 0; path = BankChallengeTests.xctest; sourceTree = BUILT_PRODUCTS_DIR; };
		5172334D265DCAEC00F12B38 /* BankChallengeTests.swift */ = {isa = PBXFileReference; lastKnownFileType = sourcecode.swift; path = BankChallengeTests.swift; sourceTree = "<group>"; };
		5172334F265DCAEC00F12B38 /* Info.plist */ = {isa = PBXFileReference; lastKnownFileType = text.plist.xml; path = Info.plist; sourceTree = "<group>"; };
		51723354265DCAEC00F12B38 /* BankChallengeUITests.xctest */ = {isa = PBXFileReference; explicitFileType = wrapper.cfbundle; includeInIndex = 0; path = BankChallengeUITests.xctest; sourceTree = BUILT_PRODUCTS_DIR; };
		51723358265DCAEC00F12B38 /* BankChallengeUITests.swift */ = {isa = PBXFileReference; lastKnownFileType = sourcecode.swift; path = BankChallengeUITests.swift; sourceTree = "<group>"; };
		5172335A265DCAEC00F12B38 /* Info.plist */ = {isa = PBXFileReference; lastKnownFileType = text.plist.xml; path = Info.plist; sourceTree = "<group>"; };
		51723375265DCD0000F12B38 /* LoginView.swift */ = {isa = PBXFileReference; lastKnownFileType = sourcecode.swift; path = LoginView.swift; sourceTree = "<group>"; };
		51723376265DCD0000F12B38 /* LoginView.xib */ = {isa = PBXFileReference; lastKnownFileType = file.xib; path = LoginView.xib; sourceTree = "<group>"; };
		5172337C265DCD6D00F12B38 /* LoginPresenter.swift */ = {isa = PBXFileReference; lastKnownFileType = sourcecode.swift; path = LoginPresenter.swift; sourceTree = "<group>"; };
		51723381265DCDC600F12B38 /* LoginInteractor.swift */ = {isa = PBXFileReference; lastKnownFileType = sourcecode.swift; path = LoginInteractor.swift; sourceTree = "<group>"; };
		51723386265DCE0800F12B38 /* LoginRouter.swift */ = {isa = PBXFileReference; lastKnownFileType = sourcecode.swift; path = LoginRouter.swift; sourceTree = "<group>"; };
/* End PBXFileReference section */

/* Begin PBXFrameworksBuildPhase section */
		5172332D265DCAE700F12B38 /* Frameworks */ = {
			isa = PBXFrameworksBuildPhase;
			buildActionMask = 2147483647;
			files = (
			);
			runOnlyForDeploymentPostprocessing = 0;
		};
		51723346265DCAEC00F12B38 /* Frameworks */ = {
			isa = PBXFrameworksBuildPhase;
			buildActionMask = 2147483647;
			files = (
			);
			runOnlyForDeploymentPostprocessing = 0;
		};
		51723351265DCAEC00F12B38 /* Frameworks */ = {
			isa = PBXFrameworksBuildPhase;
			buildActionMask = 2147483647;
			files = (
			);
			runOnlyForDeploymentPostprocessing = 0;
		};
/* End PBXFrameworksBuildPhase section */

/* Begin PBXGroup section */
		5104CA3726670CA900F885C0 /* extra */ = {
			isa = PBXGroup;
			children = (
				5104CA5E2667E07800F885C0 /* StatementViewCell.swift */,
				5104CA5F2667E07800F885C0 /* StatementViewCell.xib */,
			);
			path = extra;
			sourceTree = "<group>";
		};
		51286FBB26606B1500517377 /* Statement */ = {
			isa = PBXGroup;
			children = (
				5104CA3726670CA900F885C0 /* extra */,
				51286FE42664734600517377 /* StatementView.swift */,
				51286FE52664734600517377 /* StatementView.xib */,
				51286FEB2664736F00517377 /* StatementPresenter.swift */,
				51286FF0266473B700517377 /* StatementInteractor.swift */,
			);
			path = Statement;
			sourceTree = "<group>";
		};
		51286FBC26606C9100517377 /* Commun */ = {
			isa = PBXGroup;
			children = (
				51286FBD26606CC400517377 /* BankRest.swift */,
				51286FD72664678100517377 /* InteractorProtocol.swift */,
				51286FDC266470DA00517377 /* BankRestProtocol.swift */,
				512870702665BF8700517377 /* BankManagerStorage.swift */,
				5104CA4C266735EA00F885C0 /* BankStrings.swift */,
				5104CA562667D12300F885C0 /* NumberFormatterExtenssion.swift */,
			);
			path = Commun;
			sourceTree = "<group>";
		};
		51286FC22664432F00517377 /* Model */ = {
			isa = PBXGroup;
			children = (
				51286FC32664435800517377 /* UserInfo.swift */,
				51286FC826644A7F00517377 /* Statement.swift */,
				51286FCD26644DBD00517377 /* StatusInfo.swift */,
				51286FD2266458A500517377 /* TypeHttpMethod.swift */,
				5104CA472667341B00F885C0 /* AlertModel.swift */,
				5104CA5126673F9D00F885C0 /* Statements.swift */,
			);
			path = Model;
			sourceTree = "<group>";
		};
		51723327265DCAE600F12B38 = {
			isa = PBXGroup;
			children = (
				51723332265DCAE700F12B38 /* BankChallenge */,
				5172334C265DCAEC00F12B38 /* BankChallengeTests */,
				51723357265DCAEC00F12B38 /* BankChallengeUITests */,
				51723331265DCAE700F12B38 /* Products */,
			);
			sourceTree = "<group>";
		};
		51723331265DCAE700F12B38 /* Products */ = {
			isa = PBXGroup;
			children = (
				51723330265DCAE700F12B38 /* BankChallenge.app */,
				51723349265DCAEC00F12B38 /* BankChallengeTests.xctest */,
				51723354265DCAEC00F12B38 /* BankChallengeUITests.xctest */,
			);
			name = Products;
			sourceTree = "<group>";
		};
		51723332265DCAE700F12B38 /* BankChallenge */ = {
			isa = PBXGroup;
			children = (
				51723333265DCAE700F12B38 /* AppDelegate.swift */,
				51723335265DCAE700F12B38 /* SceneDelegate.swift */,
				5172336C265DCC0A00F12B38 /* Login */,
				51286FBB26606B1500517377 /* Statement */,
				51286FBC26606C9100517377 /* Commun */,
				51286FC22664432F00517377 /* Model */,
				5172333F265DCAEB00F12B38 /* Assets.xcassets */,
				51723341265DCAEB00F12B38 /* LaunchScreen.storyboard */,
				51723344265DCAEB00F12B38 /* Info.plist */,
				5172333C265DCAE700F12B38 /* BankChallenge.xcdatamodeld */,
			);
			path = BankChallenge;
			sourceTree = "<group>";
		};
		5172334C265DCAEC00F12B38 /* BankChallengeTests */ = {
			isa = PBXGroup;
			children = (
				5172334D265DCAEC00F12B38 /* BankChallengeTests.swift */,
				5172334F265DCAEC00F12B38 /* Info.plist */,
			);
			path = BankChallengeTests;
			sourceTree = "<group>";
		};
		51723357265DCAEC00F12B38 /* BankChallengeUITests */ = {
			isa = PBXGroup;
			children = (
				51723358265DCAEC00F12B38 /* BankChallengeUITests.swift */,
				5172335A265DCAEC00F12B38 /* Info.plist */,
			);
			path = BankChallengeUITests;
			sourceTree = "<group>";
		};
		5172336C265DCC0A00F12B38 /* Login */ = {
			isa = PBXGroup;
			children = (
				51723375265DCD0000F12B38 /* LoginView.swift */,
				51723376265DCD0000F12B38 /* LoginView.xib */,
				5172337C265DCD6D00F12B38 /* LoginPresenter.swift */,
				51723381265DCDC600F12B38 /* LoginInteractor.swift */,
				51723386265DCE0800F12B38 /* LoginRouter.swift */,
			);
			path = Login;
			sourceTree = "<group>";
		};
/* End PBXGroup section */

/* Begin PBXNativeTarget section */
		5172332F265DCAE700F12B38 /* BankChallenge */ = {
			isa = PBXNativeTarget;
			buildConfigurationList = 5172335D265DCAEC00F12B38 /* Build configuration list for PBXNativeTarget "BankChallenge" */;
			buildPhases = (
				5172332C265DCAE700F12B38 /* Sources */,
				5172332D265DCAE700F12B38 /* Frameworks */,
				5172332E265DCAE700F12B38 /* Resources */,
			);
			buildRules = (
			);
			dependencies = (
			);
			name = BankChallenge;
			productName = BankChallenge;
			productReference = 51723330265DCAE700F12B38 /* BankChallenge.app */;
			productType = "com.apple.product-type.application";
		};
		51723348265DCAEC00F12B38 /* BankChallengeTests */ = {
			isa = PBXNativeTarget;
			buildConfigurationList = 51723360265DCAEC00F12B38 /* Build configuration list for PBXNativeTarget "BankChallengeTests" */;
			buildPhases = (
				51723345265DCAEC00F12B38 /* Sources */,
				51723346265DCAEC00F12B38 /* Frameworks */,
				51723347265DCAEC00F12B38 /* Resources */,
			);
			buildRules = (
			);
			dependencies = (
				5172334B265DCAEC00F12B38 /* PBXTargetDependency */,
			);
			name = BankChallengeTests;
			productName = BankChallengeTests;
			productReference = 51723349265DCAEC00F12B38 /* BankChallengeTests.xctest */;
			productType = "com.apple.product-type.bundle.unit-test";
		};
		51723353265DCAEC00F12B38 /* BankChallengeUITests */ = {
			isa = PBXNativeTarget;
			buildConfigurationList = 51723363265DCAEC00F12B38 /* Build configuration list for PBXNativeTarget "BankChallengeUITests" */;
			buildPhases = (
				51723350265DCAEC00F12B38 /* Sources */,
				51723351265DCAEC00F12B38 /* Frameworks */,
				51723352265DCAEC00F12B38 /* Resources */,
			);
			buildRules = (
			);
			dependencies = (
				51723356265DCAEC00F12B38 /* PBXTargetDependency */,
			);
			name = BankChallengeUITests;
			productName = BankChallengeUITests;
			productReference = 51723354265DCAEC00F12B38 /* BankChallengeUITests.xctest */;
			productType = "com.apple.product-type.bundle.ui-testing";
		};
/* End PBXNativeTarget section */

/* Begin PBXProject section */
		51723328265DCAE600F12B38 /* Project object */ = {
			isa = PBXProject;
			attributes = {
				LastSwiftUpdateCheck = 1240;
				LastUpgradeCheck = 1240;
				TargetAttributes = {
					5172332F265DCAE700F12B38 = {
						CreatedOnToolsVersion = 12.4;
					};
					51723348265DCAEC00F12B38 = {
						CreatedOnToolsVersion = 12.4;
						TestTargetID = 5172332F265DCAE700F12B38;
					};
					51723353265DCAEC00F12B38 = {
						CreatedOnToolsVersion = 12.4;
						TestTargetID = 5172332F265DCAE700F12B38;
					};
				};
			};
			buildConfigurationList = 5172332B265DCAE600F12B38 /* Build configuration list for PBXProject "BankChallenge" */;
			compatibilityVersion = "Xcode 9.3";
			developmentRegion = en;
			hasScannedForEncodings = 0;
			knownRegions = (
				en,
				Base,
			);
			mainGroup = 51723327265DCAE600F12B38;
			productRefGroup = 51723331265DCAE700F12B38 /* Products */;
			projectDirPath = "";
			projectRoot = "";
			targets = (
				5172332F265DCAE700F12B38 /* BankChallenge */,
				51723348265DCAEC00F12B38 /* BankChallengeTests */,
				51723353265DCAEC00F12B38 /* BankChallengeUITests */,
			);
		};
/* End PBXProject section */

/* Begin PBXResourcesBuildPhase section */
		5172332E265DCAE700F12B38 /* Resources */ = {
			isa = PBXResourcesBuildPhase;
			buildActionMask = 2147483647;
			files = (
				51723343265DCAEB00F12B38 /* LaunchScreen.storyboard in Resources */,
				51723340265DCAEB00F12B38 /* Assets.xcassets in Resources */,
				51286FE72664734600517377 /* StatementView.xib in Resources */,
				51723378265DCD0000F12B38 /* LoginView.xib in Resources */,
				5104CA612667E07800F885C0 /* StatementViewCell.xib in Resources */,
			);
			runOnlyForDeploymentPostprocessing = 0;
		};
		51723347265DCAEC00F12B38 /* Resources */ = {
			isa = PBXResourcesBuildPhase;
			buildActionMask = 2147483647;
			files = (
			);
			runOnlyForDeploymentPostprocessing = 0;
		};
		51723352265DCAEC00F12B38 /* Resources */ = {
			isa = PBXResourcesBuildPhase;
			buildActionMask = 2147483647;
			files = (
			);
			runOnlyForDeploymentPostprocessing = 0;
		};
/* End PBXResourcesBuildPhase section */

/* Begin PBXSourcesBuildPhase section */
		5172332C265DCAE700F12B38 /* Sources */ = {
			isa = PBXSourcesBuildPhase;
			buildActionMask = 2147483647;
			files = (
				51286FEC2664736F00517377 /* StatementPresenter.swift in Sources */,
				5104CA602667E07800F885C0 /* StatementViewCell.swift in Sources */,
				5172337D265DCD6D00F12B38 /* LoginPresenter.swift in Sources */,
				51286FE62664734600517377 /* StatementView.swift in Sources */,
				512870712665BF8700517377 /* BankManagerStorage.swift in Sources */,
				51723382265DCDC600F12B38 /* LoginInteractor.swift in Sources */,
				5172333E265DCAE700F12B38 /* BankChallenge.xcdatamodeld in Sources */,
				51286FBE26606CC400517377 /* BankRest.swift in Sources */,
				5104CA4D266735EA00F885C0 /* BankStrings.swift in Sources */,
				5104CA482667341B00F885C0 /* AlertModel.swift in Sources */,
				51723334265DCAE700F12B38 /* AppDelegate.swift in Sources */,
				51286FD82664678100517377 /* InteractorProtocol.swift in Sources */,
				51723377265DCD0000F12B38 /* LoginView.swift in Sources */,
				5104CA572667D12300F885C0 /* NumberFormatterExtenssion.swift in Sources */,
				5104CA5226673F9D00F885C0 /* Statements.swift in Sources */,
				51286FCE26644DBD00517377 /* StatusInfo.swift in Sources */,
				51286FF1266473B700517377 /* StatementInteractor.swift in Sources */,
				51723387265DCE0800F12B38 /* LoginRouter.swift in Sources */,
				51286FC42664435800517377 /* UserInfo.swift in Sources */,
				51723336265DCAE700F12B38 /* SceneDelegate.swift in Sources */,
				51286FDD266470DA00517377 /* BankRestProtocol.swift in Sources */,
				51286FD3266458A500517377 /* TypeHttpMethod.swift in Sources */,
				51286FC926644A7F00517377 /* Statement.swift in Sources */,
			);
			runOnlyForDeploymentPostprocessing = 0;
		};
		51723345265DCAEC00F12B38 /* Sources */ = {
			isa = PBXSourcesBuildPhase;
			buildActionMask = 2147483647;
			files = (
				5172334E265DCAEC00F12B38 /* BankChallengeTests.swift in Sources */,
			);
			runOnlyForDeploymentPostprocessing = 0;
		};
		51723350265DCAEC00F12B38 /* Sources */ = {
			isa = PBXSourcesBuildPhase;
			buildActionMask = 2147483647;
			files = (
				51723359265DCAEC00F12B38 /* BankChallengeUITests.swift in Sources */,
			);
			runOnlyForDeploymentPostprocessing = 0;
		};
/* End PBXSourcesBuildPhase section */

/* Begin PBXTargetDependency section */
		5172334B265DCAEC00F12B38 /* PBXTargetDependency */ = {
			isa = PBXTargetDependency;
			target = 5172332F265DCAE700F12B38 /* BankChallenge */;
			targetProxy = 5172334A265DCAEC00F12B38 /* PBXContainerItemProxy */;
		};
		51723356265DCAEC00F12B38 /* PBXTargetDependency */ = {
			isa = PBXTargetDependency;
			target = 5172332F265DCAE700F12B38 /* BankChallenge */;
			targetProxy = 51723355265DCAEC00F12B38 /* PBXContainerItemProxy */;
		};
/* End PBXTargetDependency section */

/* Begin PBXVariantGroup section */
		51723341265DCAEB00F12B38 /* LaunchScreen.storyboard */ = {
			isa = PBXVariantGroup;
			children = (
				51723342265DCAEB00F12B38 /* Base */,
			);
			name = LaunchScreen.storyboard;
			sourceTree = "<group>";
		};
/* End PBXVariantGroup section */

/* Begin XCBuildConfiguration section */
		5172335B265DCAEC00F12B38 /* Debug */ = {
			isa = XCBuildConfiguration;
			buildSettings = {
				ALWAYS_SEARCH_USER_PATHS = NO;
				CLANG_ANALYZER_NONNULL = YES;
				CLANG_ANALYZER_NUMBER_OBJECT_CONVERSION = YES_AGGRESSIVE;
				CLANG_CXX_LANGUAGE_STANDARD = "gnu++14";
				CLANG_CXX_LIBRARY = "libc++";
				CLANG_ENABLE_MODULES = YES;
				CLANG_ENABLE_OBJC_ARC = YES;
				CLANG_ENABLE_OBJC_WEAK = YES;
				CLANG_WARN_BLOCK_CAPTURE_AUTORELEASING = YES;
				CLANG_WARN_BOOL_CONVERSION = YES;
				CLANG_WARN_COMMA = YES;
				CLANG_WARN_CONSTANT_CONVERSION = YES;
				CLANG_WARN_DEPRECATED_OBJC_IMPLEMENTATIONS = YES;
				CLANG_WARN_DIRECT_OBJC_ISA_USAGE = YES_ERROR;
				CLANG_WARN_DOCUMENTATION_COMMENTS = YES;
				CLANG_WARN_EMPTY_BODY = YES;
				CLANG_WARN_ENUM_CONVERSION = YES;
				CLANG_WARN_INFINITE_RECURSION = YES;
				CLANG_WARN_INT_CONVERSION = YES;
				CLANG_WARN_NON_LITERAL_NULL_CONVERSION = YES;
				CLANG_WARN_OBJC_IMPLICIT_RETAIN_SELF = YES;
				CLANG_WARN_OBJC_LITERAL_CONVERSION = YES;
				CLANG_WARN_OBJC_ROOT_CLASS = YES_ERROR;
				CLANG_WARN_QUOTED_INCLUDE_IN_FRAMEWORK_HEADER = YES;
				CLANG_WARN_RANGE_LOOP_ANALYSIS = YES;
				CLANG_WARN_STRICT_PROTOTYPES = YES;
				CLANG_WARN_SUSPICIOUS_MOVE = YES;
				CLANG_WARN_UNGUARDED_AVAILABILITY = YES_AGGRESSIVE;
				CLANG_WARN_UNREACHABLE_CODE = YES;
				CLANG_WARN__DUPLICATE_METHOD_MATCH = YES;
				COPY_PHASE_STRIP = NO;
				DEBUG_INFORMATION_FORMAT = dwarf;
				ENABLE_STRICT_OBJC_MSGSEND = YES;
				ENABLE_TESTABILITY = YES;
				GCC_C_LANGUAGE_STANDARD = gnu11;
				GCC_DYNAMIC_NO_PIC = NO;
				GCC_NO_COMMON_BLOCKS = YES;
				GCC_OPTIMIZATION_LEVEL = 0;
				GCC_PREPROCESSOR_DEFINITIONS = (
					"DEBUG=1",
					"$(inherited)",
				);
				GCC_WARN_64_TO_32_BIT_CONVERSION = YES;
				GCC_WARN_ABOUT_RETURN_TYPE = YES_ERROR;
				GCC_WARN_UNDECLARED_SELECTOR = YES;
				GCC_WARN_UNINITIALIZED_AUTOS = YES_AGGRESSIVE;
				GCC_WARN_UNUSED_FUNCTION = YES;
				GCC_WARN_UNUSED_VARIABLE = YES;
				IPHONEOS_DEPLOYMENT_TARGET = 14.4;
				MTL_ENABLE_DEBUG_INFO = INCLUDE_SOURCE;
				MTL_FAST_MATH = YES;
				ONLY_ACTIVE_ARCH = YES;
				SDKROOT = iphoneos;
				SWIFT_ACTIVE_COMPILATION_CONDITIONS = DEBUG;
				SWIFT_OPTIMIZATION_LEVEL = "-Onone";
			};
			name = Debug;
		};
		5172335C265DCAEC00F12B38 /* Release */ = {
			isa = XCBuildConfiguration;
			buildSettings = {
				ALWAYS_SEARCH_USER_PATHS = NO;
				CLANG_ANALYZER_NONNULL = YES;
				CLANG_ANALYZER_NUMBER_OBJECT_CONVERSION = YES_AGGRESSIVE;
				CLANG_CXX_LANGUAGE_STANDARD = "gnu++14";
				CLANG_CXX_LIBRARY = "libc++";
				CLANG_ENABLE_MODULES = YES;
				CLANG_ENABLE_OBJC_ARC = YES;
				CLANG_ENABLE_OBJC_WEAK = YES;
				CLANG_WARN_BLOCK_CAPTURE_AUTORELEASING = YES;
				CLANG_WARN_BOOL_CONVERSION = YES;
				CLANG_WARN_COMMA = YES;
				CLANG_WARN_CONSTANT_CONVERSION = YES;
				CLANG_WARN_DEPRECATED_OBJC_IMPLEMENTATIONS = YES;
				CLANG_WARN_DIRECT_OBJC_ISA_USAGE = YES_ERROR;
				CLANG_WARN_DOCUMENTATION_COMMENTS = YES;
				CLANG_WARN_EMPTY_BODY = YES;
				CLANG_WARN_ENUM_CONVERSION = YES;
				CLANG_WARN_INFINITE_RECURSION = YES;
				CLANG_WARN_INT_CONVERSION = YES;
				CLANG_WARN_NON_LITERAL_NULL_CONVERSION = YES;
				CLANG_WARN_OBJC_IMPLICIT_RETAIN_SELF = YES;
				CLANG_WARN_OBJC_LITERAL_CONVERSION = YES;
				CLANG_WARN_OBJC_ROOT_CLASS = YES_ERROR;
				CLANG_WARN_QUOTED_INCLUDE_IN_FRAMEWORK_HEADER = YES;
				CLANG_WARN_RANGE_LOOP_ANALYSIS = YES;
				CLANG_WARN_STRICT_PROTOTYPES = YES;
				CLANG_WARN_SUSPICIOUS_MOVE = YES;
				CLANG_WARN_UNGUARDED_AVAILABILITY = YES_AGGRESSIVE;
				CLANG_WARN_UNREACHABLE_CODE = YES;
				CLANG_WARN__DUPLICATE_METHOD_MATCH = YES;
				COPY_PHASE_STRIP = NO;
				DEBUG_INFORMATION_FORMAT = "dwarf-with-dsym";
				ENABLE_NS_ASSERTIONS = NO;
				ENABLE_STRICT_OBJC_MSGSEND = YES;
				GCC_C_LANGUAGE_STANDARD = gnu11;
				GCC_NO_COMMON_BLOCKS = YES;
				GCC_WARN_64_TO_32_BIT_CONVERSION = YES;
				GCC_WARN_ABOUT_RETURN_TYPE = YES_ERROR;
				GCC_WARN_UNDECLARED_SELECTOR = YES;
				GCC_WARN_UNINITIALIZED_AUTOS = YES_AGGRESSIVE;
				GCC_WARN_UNUSED_FUNCTION = YES;
				GCC_WARN_UNUSED_VARIABLE = YES;
				IPHONEOS_DEPLOYMENT_TARGET = 14.4;
				MTL_ENABLE_DEBUG_INFO = NO;
				MTL_FAST_MATH = YES;
				SDKROOT = iphoneos;
				SWIFT_COMPILATION_MODE = wholemodule;
				SWIFT_OPTIMIZATION_LEVEL = "-O";
				VALIDATE_PRODUCT = YES;
			};
			name = Release;
		};
		5172335E265DCAEC00F12B38 /* Debug */ = {
			isa = XCBuildConfiguration;
			buildSettings = {
				ASSETCATALOG_COMPILER_APPICON_NAME = AppIcon;
				ASSETCATALOG_COMPILER_GLOBAL_ACCENT_COLOR_NAME = AccentColor;
				CODE_SIGN_STYLE = Automatic;
				DEVELOPMENT_TEAM = WQ6LGK4TBT;
				INFOPLIST_FILE = BankChallenge/Info.plist;
				LD_RUNPATH_SEARCH_PATHS = (
					"$(inherited)",
					"@executable_path/Frameworks",
				);
				PRODUCT_BUNDLE_IDENTIFIER = com.renanrocha.BankChallenge;
				PRODUCT_NAME = "$(TARGET_NAME)";
				SWIFT_VERSION = 5.0;
				TARGETED_DEVICE_FAMILY = 1;
			};
			name = Debug;
		};
		5172335F265DCAEC00F12B38 /* Release */ = {
			isa = XCBuildConfiguration;
			buildSettings = {
				ASSETCATALOG_COMPILER_APPICON_NAME = AppIcon;
				ASSETCATALOG_COMPILER_GLOBAL_ACCENT_COLOR_NAME = AccentColor;
				CODE_SIGN_STYLE = Automatic;
				DEVELOPMENT_TEAM = WQ6LGK4TBT;
				INFOPLIST_FILE = BankChallenge/Info.plist;
				LD_RUNPATH_SEARCH_PATHS = (
					"$(inherited)",
					"@executable_path/Frameworks",
				);
				PRODUCT_BUNDLE_IDENTIFIER = com.renanrocha.BankChallenge;
				PRODUCT_NAME = "$(TARGET_NAME)";
				SWIFT_VERSION = 5.0;
				TARGETED_DEVICE_FAMILY = 1;
			};
			name = Release;
		};
		51723361265DCAEC00F12B38 /* Debug */ = {
			isa = XCBuildConfiguration;
			buildSettings = {
				ALWAYS_EMBED_SWIFT_STANDARD_LIBRARIES = YES;
				BUNDLE_LOADER = "$(TEST_HOST)";
				CODE_SIGN_STYLE = Automatic;
				DEVELOPMENT_TEAM = WQ6LGK4TBT;
				INFOPLIST_FILE = BankChallengeTests/Info.plist;
				IPHONEOS_DEPLOYMENT_TARGET = 14.4;
				LD_RUNPATH_SEARCH_PATHS = (
					"$(inherited)",
					"@executable_path/Frameworks",
					"@loader_path/Frameworks",
				);
				PRODUCT_BUNDLE_IDENTIFIER = com.renanrocha.BankChallengeTests;
				PRODUCT_NAME = "$(TARGET_NAME)";
				SWIFT_VERSION = 5.0;
				TARGETED_DEVICE_FAMILY = "1,2";
				TEST_HOST = "$(BUILT_PRODUCTS_DIR)/BankChallenge.app/BankChallenge";
			};
			name = Debug;
		};
		51723362265DCAEC00F12B38 /* Release */ = {
			isa = XCBuildConfiguration;
			buildSettings = {
				ALWAYS_EMBED_SWIFT_STANDARD_LIBRARIES = YES;
				BUNDLE_LOADER = "$(TEST_HOST)";
				CODE_SIGN_STYLE = Automatic;
				DEVELOPMENT_TEAM = WQ6LGK4TBT;
				INFOPLIST_FILE = BankChallengeTests/Info.plist;
				IPHONEOS_DEPLOYMENT_TARGET = 14.4;
				LD_RUNPATH_SEARCH_PATHS = (
					"$(inherited)",
					"@executable_path/Frameworks",
					"@loader_path/Frameworks",
				);
				PRODUCT_BUNDLE_IDENTIFIER = com.renanrocha.BankChallengeTests;
				PRODUCT_NAME = "$(TARGET_NAME)";
				SWIFT_VERSION = 5.0;
				TARGETED_DEVICE_FAMILY = "1,2";
				TEST_HOST = "$(BUILT_PRODUCTS_DIR)/BankChallenge.app/BankChallenge";
			};
			name = Release;
		};
		51723364265DCAEC00F12B38 /* Debug */ = {
			isa = XCBuildConfiguration;
			buildSettings = {
				ALWAYS_EMBED_SWIFT_STANDARD_LIBRARIES = YES;
				CODE_SIGN_STYLE = Automatic;
				DEVELOPMENT_TEAM = WQ6LGK4TBT;
				INFOPLIST_FILE = BankChallengeUITests/Info.plist;
				LD_RUNPATH_SEARCH_PATHS = (
					"$(inherited)",
					"@executable_path/Frameworks",
					"@loader_path/Frameworks",
				);
				PRODUCT_BUNDLE_IDENTIFIER = com.renanrocha.BankChallengeUITests;
				PRODUCT_NAME = "$(TARGET_NAME)";
				SWIFT_VERSION = 5.0;
				TARGETED_DEVICE_FAMILY = "1,2";
				TEST_TARGET_NAME = BankChallenge;
			};
			name = Debug;
		};
		51723365265DCAEC00F12B38 /* Release */ = {
			isa = XCBuildConfiguration;
			buildSettings = {
				ALWAYS_EMBED_SWIFT_STANDARD_LIBRARIES = YES;
				CODE_SIGN_STYLE = Automatic;
				DEVELOPMENT_TEAM = WQ6LGK4TBT;
				INFOPLIST_FILE = BankChallengeUITests/Info.plist;
				LD_RUNPATH_SEARCH_PATHS = (
					"$(inherited)",
					"@executable_path/Frameworks",
					"@loader_path/Frameworks",
				);
				PRODUCT_BUNDLE_IDENTIFIER = com.renanrocha.BankChallengeUITests;
				PRODUCT_NAME = "$(TARGET_NAME)";
				SWIFT_VERSION = 5.0;
				TARGETED_DEVICE_FAMILY = "1,2";
				TEST_TARGET_NAME = BankChallenge;
			};
			name = Release;
		};
/* End XCBuildConfiguration section */

/* Begin XCConfigurationList section */
		5172332B265DCAE600F12B38 /* Build configuration list for PBXProject "BankChallenge" */ = {
			isa = XCConfigurationList;
			buildConfigurations = (
				5172335B265DCAEC00F12B38 /* Debug */,
				5172335C265DCAEC00F12B38 /* Release */,
			);
			defaultConfigurationIsVisible = 0;
			defaultConfigurationName = Release;
		};
		5172335D265DCAEC00F12B38 /* Build configuration list for PBXNativeTarget "BankChallenge" */ = {
			isa = XCConfigurationList;
			buildConfigurations = (
				5172335E265DCAEC00F12B38 /* Debug */,
				5172335F265DCAEC00F12B38 /* Release */,
			);
			defaultConfigurationIsVisible = 0;
			defaultConfigurationName = Release;
		};
		51723360265DCAEC00F12B38 /* Build configuration list for PBXNativeTarget "BankChallengeTests" */ = {
			isa = XCConfigurationList;
			buildConfigurations = (
				51723361265DCAEC00F12B38 /* Debug */,
				51723362265DCAEC00F12B38 /* Release */,
			);
			defaultConfigurationIsVisible = 0;
			defaultConfigurationName = Release;
		};
		51723363265DCAEC00F12B38 /* Build configuration list for PBXNativeTarget "BankChallengeUITests" */ = {
			isa = XCConfigurationList;
			buildConfigurations = (
				51723364265DCAEC00F12B38 /* Debug */,
				51723365265DCAEC00F12B38 /* Release */,
			);
			defaultConfigurationIsVisible = 0;
			defaultConfigurationName = Release;
		};
/* End XCConfigurationList section */

/* Begin XCVersionGroup section */
		5172333C265DCAE700F12B38 /* BankChallenge.xcdatamodeld */ = {
			isa = XCVersionGroup;
			children = (
				5172333D265DCAE700F12B38 /* BankChallenge.xcdatamodel */,
			);
			currentVersion = 5172333D265DCAE700F12B38 /* BankChallenge.xcdatamodel */;
			path = BankChallenge.xcdatamodeld;
			sourceTree = "<group>";
			versionGroupType = wrapper.xcdatamodel;
		};
/* End XCVersionGroup section */
	};
	rootObject = 51723328265DCAE600F12B38 /* Project object */;
}
